
Microsoft Visual Studio Solution File, Format Version 12.00
# Visual Studio Version 17
VisualStudioVersion = 17.14.36327.8 d17.14
MinimumVisualStudioVersion = 10.0.40219.1
Project("{FAE04EC0-301F-11D3-BF4B-00C04F79EFBC}") = "AOWebApp", "AOWebApp\AOWebApp.csproj", "{033A63C2-AFE2-4587-8AC3-91B8934EEF51}"
EndProject
Global
	GlobalSection(SolutionConfigurationPlatforms) = preSolution
		Debug|Any CPU = Debug|Any CPU
		Release|Any CPU = Release|Any CPU
	EndGlobalSection
	GlobalSection(ProjectConfigurationPlatforms) = postSolution
		{033A63C2-AFE2-4587-8AC3-91B8934EEF51}.Debug|Any CPU.ActiveCfg = Debug|Any CPU
		{033A63C2-AFE2-4587-8AC3-91B8934EEF51}.Debug|Any CPU.Build.0 = Debug|Any CPU
		{033A63C2-AFE2-4587-8AC3-91B8934EEF51}.Release|Any CPU.ActiveCfg = Release|Any CPU
		{033A63C2-AFE2-4587-8AC3-91B8934EEF51}.Release|Any CPU.Build.0 = Release|Any CPU
	EndGlobalSection
	GlobalSection(SolutionProperties) = preSolution
		HideSolutionNode = FALSE
	EndGlobalSection
	GlobalSection(ExtensibilityGlobals) = postSolution
		SolutionGuid = {AFF9DFE2-21F7-449C-B19A-46FE8ECF5214}
	EndGlobalSection
EndGlobal
